
Microsoft Visual Studio Solution File, Format Version 12.00
# Visual Studio Version 16
VisualStudioVersion = 16.0.29324.140
MinimumVisualStudioVersion = 10.0.40219.1
Project("{FAE04EC0-301F-11D3-BF4B-00C04F79EFBC}") = "Xml-Basic", "Xml-Basic\Xml-Basic.csproj", "{CFFA5EF7-FB31-4E00-982C-59048C5CEF5D}"
EndProject
Global
	GlobalSection(SolutionConfigurationPlatforms) = preSolution
		Debug|Any CPU = Debug|Any CPU
		Release|Any CPU = Release|Any CPU
	EndGlobalSection
	GlobalSection(ProjectConfigurationPlatforms) = postSolution
		{CFFA5EF7-FB31-4E00-982C-59048C5CEF5D}.Debug|Any CPU.ActiveCfg = Debug|Any CPU
		{CFFA5EF7-FB31-4E00-982C-59048C5CEF5D}.Debug|Any CPU.Build.0 = Debug|Any CPU
		{CFFA5EF7-FB31-4E00-982C-59048C5CEF5D}.Release|Any CPU.ActiveCfg = Release|Any CPU
		{CFFA5EF7-FB31-4E00-982C-59048C5CEF5D}.Release|Any CPU.Build.0 = Release|Any CPU
	EndGlobalSection
	GlobalSection(SolutionProperties) = preSolution
		HideSolutionNode = FALSE
	EndGlobalSection
	GlobalSection(ExtensibilityGlobals) = postSolution
		SolutionGuid = {582B10D1-A617-4754-9B49-E460E2C4DDCB}
	EndGlobalSection
EndGlobal
